
Microsoft Visual Studio Solution File, Format Version 12.00
# Visual Studio Version 16
VisualStudioVersion = 16.0.30011.22
MinimumVisualStudioVersion = 10.0.40219.1
Project("{8BC9CEB8-8B4A-11D0-8D11-00A0C91BC942}") = "No Man's Solar System", "No Man's Solar System.vcxproj", "{470798D6-F813-4CCC-B514-B0B63F6EA5F9}"
EndProject
Global
	GlobalSection(SolutionConfigurationPlatforms) = preSolution
		Debug|x64 = Debug|x64
		Debug|x86 = Debug|x86
		Release|x64 = Release|x64
		Release|x86 = Release|x86
	EndGlobalSection
	GlobalSection(ProjectConfigurationPlatforms) = postSolution
		{470798D6-F813-4CCC-B514-B0B63F6EA5F9}.Debug|x64.ActiveCfg = Debug|x64
		{470798D6-F813-4CCC-B514-B0B63F6EA5F9}.Debug|x64.Build.0 = Debug|x64
		{470798D6-F813-4CCC-B514-B0B63F6EA5F9}.Debug|x86.ActiveCfg = Debug|Win32
		{470798D6-F813-4CCC-B514-B0B63F6EA5F9}.Debug|x86.Build.0 = Debug|Win32
		{470798D6-F813-4CCC-B514-B0B63F6EA5F9}.Release|x64.ActiveCfg = Release|x64
		{470798D6-F813-4CCC-B514-B0B63F6EA5F9}.Release|x64.Build.0 = Release|x64
		{470798D6-F813-4CCC-B514-B0B63F6EA5F9}.Release|x86.ActiveCfg = Release|Win32
		{470798D6-F813-4CCC-B514-B0B63F6EA5F9}.Release|x86.Build.0 = Release|Win32
	EndGlobalSection
	GlobalSection(SolutionProperties) = preSolution
		HideSolutionNode = FALSE
	EndGlobalSection
	GlobalSection(ExtensibilityGlobals) = postSolution
		SolutionGuid = {88AA99E5-986C-49EB-984B-C5BE2EDD74D4}
	EndGlobalSection
EndGlobal
